
Microsoft Visual Studio Solution File, Format Version 12.00
# Visual Studio Version 17
VisualStudioVersion = 17.2.32616.157
MinimumVisualStudioVersion = 10.0.40219.1
Project("{FAE04EC0-301F-11D3-BF4B-00C04F79EFBC}") = "abcTOR", "abcTOR\abcTOR.csproj", "{1B0E0F74-7173-4FF4-BF3B-5A73E9AF581E}"
EndProject
Project("{FAE04EC0-301F-11D3-BF4B-00C04F79EFBC}") = "abcTester", "abcTester\abcTester.csproj", "{5660FC2C-A7CC-4D9F-A390-952E51E4B8A9}"
EndProject
Global
	GlobalSection(SolutionConfigurationPlatforms) = preSolution
		Debug|Any CPU = Debug|Any CPU
		Release|Any CPU = Release|Any CPU
	EndGlobalSection
	GlobalSection(ProjectConfigurationPlatforms) = postSolution
		{1B0E0F74-7173-4FF4-BF3B-5A73E9AF581E}.Debug|Any CPU.ActiveCfg = Debug|Any CPU
		{1B0E0F74-7173-4FF4-BF3B-5A73E9AF581E}.Debug|Any CPU.Build.0 = Debug|Any CPU
		{1B0E0F74-7173-4FF4-BF3B-5A73E9AF581E}.Release|Any CPU.ActiveCfg = Release|Any CPU
		{1B0E0F74-7173-4FF4-BF3B-5A73E9AF581E}.Release|Any CPU.Build.0 = Release|Any CPU
		{5660FC2C-A7CC-4D9F-A390-952E51E4B8A9}.Debug|Any CPU.ActiveCfg = Debug|Any CPU
		{5660FC2C-A7CC-4D9F-A390-952E51E4B8A9}.Debug|Any CPU.Build.0 = Debug|Any CPU
		{5660FC2C-A7CC-4D9F-A390-952E51E4B8A9}.Release|Any CPU.ActiveCfg = Release|Any CPU
		{5660FC2C-A7CC-4D9F-A390-952E51E4B8A9}.Release|Any CPU.Build.0 = Release|Any CPU
	EndGlobalSection
	GlobalSection(SolutionProperties) = preSolution
		HideSolutionNode = FALSE
	EndGlobalSection
	GlobalSection(ExtensibilityGlobals) = postSolution
		SolutionGuid = {34E5B9F2-125A-41F0-9DFF-0AFC9B122894}
	EndGlobalSection
EndGlobal
